// !$*UTF8*$!
{
	archiveVersion = 1;
	classes = {
	};
	objectVersion = 46;
	objects = {

/* Begin PBXBuildFile section */
		470BBD6ACD459559DCDCDCEF /* libPods.a in Frameworks */ = {isa = PBXBuildFile; fileRef = 02630DABCCA65C44AD94E99D /* libPods.a */; };
		514835E91B52179E00776718 /* AppDelegate.swift in Sources */ = {isa = PBXBuildFile; fileRef = 514835E81B52179E00776718 /* AppDelegate.swift */; };
		514835F11B52179E00776718 /* KonashiTest.xcdatamodeld in Sources */ = {isa = PBXBuildFile; fileRef = 514835EF1B52179E00776718 /* KonashiTest.xcdatamodeld */; };
		514835F31B52179E00776718 /* Assets.xcassets in Resources */ = {isa = PBXBuildFile; fileRef = 514835F21B52179E00776718 /* Assets.xcassets */; };
		514835F61B52179E00776718 /* LaunchScreen.storyboard in Resources */ = {isa = PBXBuildFile; fileRef = 514835F41B52179E00776718 /* LaunchScreen.storyboard */; };
		514836001B521A2900776718 /* CoreBluetooth.framework in Frameworks */ = {isa = PBXBuildFile; fileRef = 514835FF1B521A2900776718 /* CoreBluetooth.framework */; };
		51BCE9971B53988F004637E1 /* PeripheralListTableViewController.swift in Sources */ = {isa = PBXBuildFile; fileRef = 51BCE9961B53988F004637E1 /* PeripheralListTableViewController.swift */; };
		51BCE99A1B539B46004637E1 /* Bluetooth.storyboard in Resources */ = {isa = PBXBuildFile; fileRef = 51BCE9981B539B46004637E1 /* Bluetooth.storyboard */; };
		51BCE9A01B53AD5E004637E1 /* Bluetooth1ViewController.swift in Sources */ = {isa = PBXBuildFile; fileRef = 51BCE99F1B53AD5E004637E1 /* Bluetooth1ViewController.swift */; };
		51BCE9A21B53ADB4004637E1 /* Bluetooth2ViewController.swift in Sources */ = {isa = PBXBuildFile; fileRef = 51BCE9A11B53ADB4004637E1 /* Bluetooth2ViewController.swift */; };
		51BCE9A41B53ADF9004637E1 /* Bluetooth3ViewController.swift in Sources */ = {isa = PBXBuildFile; fileRef = 51BCE9A31B53ADF9004637E1 /* Bluetooth3ViewController.swift */; };
		51BCE9A61B53AE70004637E1 /* Bluetooth4ViewController.swift in Sources */ = {isa = PBXBuildFile; fileRef = 51BCE9A51B53AE70004637E1 /* Bluetooth4ViewController.swift */; };
/* End PBXBuildFile section */

/* Begin PBXFileReference section */
		02630DABCCA65C44AD94E99D /* libPods.a */ = {isa = PBXFileReference; explicitFileType = archive.ar; includeInIndex = 0; path = libPods.a; sourceTree = BUILT_PRODUCTS_DIR; };
		514835E51B52179E00776718 /* GrillerCtrl.app */ = {isa = PBXFileReference; explicitFileType = wrapper.application; includeInIndex = 0; path = GrillerCtrl.app; sourceTree = BUILT_PRODUCTS_DIR; };
		514835E81B52179E00776718 /* AppDelegate.swift */ = {isa = PBXFileReference; lastKnownFileType = sourcecode.swift; path = AppDelegate.swift; sourceTree = "<group>"; };
		514835F01B52179E00776718 /* KonashiTest.xcdatamodel */ = {isa = PBXFileReference; lastKnownFileType = wrapper.xcdatamodel; path = KonashiTest.xcdatamodel; sourceTree = "<group>"; };
		514835F21B52179E00776718 /* Assets.xcassets */ = {isa = PBXFileReference; lastKnownFileType = folder.assetcatalog; path = Assets.xcassets; sourceTree = "<group>"; };
		514835F51B52179E00776718 /* Base */ = {isa = PBXFileReference; lastKnownFileType = file.storyboard; name = Base; path = Base.lproj/LaunchScreen.storyboard; sourceTree = "<group>"; };
		514835F71B52179E00776718 /* Info.plist */ = {isa = PBXFileReference; lastKnownFileType = text.plist.xml; path = Info.plist; sourceTree = "<group>"; };
		514835FF1B521A2900776718 /* CoreBluetooth.framework */ = {isa = PBXFileReference; lastKnownFileType = wrapper.framework; name = CoreBluetooth.framework; path = System/Library/Frameworks/CoreBluetooth.framework; sourceTree = SDKROOT; };
		51AAA1011B52336500642072 /* KonashiTest-Bridging-Header.h */ = {isa = PBXFileReference; lastKnownFileType = sourcecode.c.h; path = "KonashiTest-Bridging-Header.h"; sourceTree = "<group>"; };
		51BCE9961B53988F004637E1 /* PeripheralListTableViewController.swift */ = {isa = PBXFileReference; fileEncoding = 4; lastKnownFileType = sourcecode.swift; path = PeripheralListTableViewController.swift; sourceTree = "<group>"; };
		51BCE9991B539B46004637E1 /* Base */ = {isa = PBXFileReference; lastKnownFileType = file.storyboard; name = Base; path = Base.lproj/Bluetooth.storyboard; sourceTree = "<group>"; };
		51BCE99F1B53AD5E004637E1 /* Bluetooth1ViewController.swift */ = {isa = PBXFileReference; fileEncoding = 4; lastKnownFileType = sourcecode.swift; path = Bluetooth1ViewController.swift; sourceTree = "<group>"; };
		51BCE9A11B53ADB4004637E1 /* Bluetooth2ViewController.swift */ = {isa = PBXFileReference; fileEncoding = 4; lastKnownFileType = sourcecode.swift; path = Bluetooth2ViewController.swift; sourceTree = "<group>"; };
		51BCE9A31B53ADF9004637E1 /* Bluetooth3ViewController.swift */ = {isa = PBXFileReference; fileEncoding = 4; lastKnownFileType = sourcecode.swift; path = Bluetooth3ViewController.swift; sourceTree = "<group>"; };
		51BCE9A51B53AE70004637E1 /* Bluetooth4ViewController.swift */ = {isa = PBXFileReference; fileEncoding = 4; lastKnownFileType = sourcecode.swift; path = Bluetooth4ViewController.swift; sourceTree = "<group>"; };
		7CC5AAB3C5590FD66930885E /* Pods.release.xcconfig */ = {isa = PBXFileReference; includeInIndex = 1; lastKnownFileType = text.xcconfig; name = Pods.release.xcconfig; path = "Pods/Target Support Files/Pods/Pods.release.xcconfig"; sourceTree = "<group>"; };
		838A893A867C7C74BAFCCA54 /* Pods.debug.xcconfig */ = {isa = PBXFileReference; includeInIndex = 1; lastKnownFileType = text.xcconfig; name = Pods.debug.xcconfig; path = "Pods/Target Support Files/Pods/Pods.debug.xcconfig"; sourceTree = "<group>"; };
/* End PBXFileReference section */

/* Begin PBXFrameworksBuildPhase section */
		514835E21B52179E00776718 /* Frameworks */ = {
			isa = PBXFrameworksBuildPhase;
			buildActionMask = 2147483647;
			files = (
				514836001B521A2900776718 /* CoreBluetooth.framework in Frameworks */,
				470BBD6ACD459559DCDCDCEF /* libPods.a in Frameworks */,
			);
			runOnlyForDeploymentPostprocessing = 0;
		};
/* End PBXFrameworksBuildPhase section */

/* Begin PBXGroup section */
		10952D610861CC5E97C84D9B /* Pods */ = {
			isa = PBXGroup;
			children = (
				838A893A867C7C74BAFCCA54 /* Pods.debug.xcconfig */,
				7CC5AAB3C5590FD66930885E /* Pods.release.xcconfig */,
			);
			name = Pods;
			sourceTree = "<group>";
		};
		49477B9FA6A81902D2341F8B /* Frameworks */ = {
			isa = PBXGroup;
			children = (
				02630DABCCA65C44AD94E99D /* libPods.a */,
			);
			name = Frameworks;
			sourceTree = "<group>";
		};
		514835DC1B52179E00776718 = {
			isa = PBXGroup;
			children = (
				514835FF1B521A2900776718 /* CoreBluetooth.framework */,
				514835E71B52179E00776718 /* GrillerCtrl */,
				514835E61B52179E00776718 /* Products */,
				51AAA1011B52336500642072 /* KonashiTest-Bridging-Header.h */,
				10952D610861CC5E97C84D9B /* Pods */,
				49477B9FA6A81902D2341F8B /* Frameworks */,
			);
			sourceTree = "<group>";
		};
		514835E61B52179E00776718 /* Products */ = {
			isa = PBXGroup;
			children = (
				514835E51B52179E00776718 /* GrillerCtrl.app */,
			);
			name = Products;
			sourceTree = "<group>";
		};
		514835E71B52179E00776718 /* GrillerCtrl */ = {
			isa = PBXGroup;
			children = (
				514835E81B52179E00776718 /* AppDelegate.swift */,
				514835F21B52179E00776718 /* Assets.xcassets */,
				514835F41B52179E00776718 /* LaunchScreen.storyboard */,
				514835F71B52179E00776718 /* Info.plist */,
				514835EF1B52179E00776718 /* KonashiTest.xcdatamodeld */,
				51BCE9961B53988F004637E1 /* PeripheralListTableViewController.swift */,
				51BCE9981B539B46004637E1 /* Bluetooth.storyboard */,
				51BCE99F1B53AD5E004637E1 /* Bluetooth1ViewController.swift */,
				51BCE9A11B53ADB4004637E1 /* Bluetooth2ViewController.swift */,
				51BCE9A31B53ADF9004637E1 /* Bluetooth3ViewController.swift */,
				51BCE9A51B53AE70004637E1 /* Bluetooth4ViewController.swift */,
			);
			name = GrillerCtrl;
			path = KonashiTest;
			sourceTree = "<group>";
		};
/* End PBXGroup section */

/* Begin PBXNativeTarget section */
		514835E41B52179E00776718 /* GrillerCtrl */ = {
			isa = PBXNativeTarget;
			buildConfigurationList = 514835FA1B52179E00776718 /* Build configuration list for PBXNativeTarget "GrillerCtrl" */;
			buildPhases = (
				26F80740A47738F4BB7EE5FB /* Check Pods Manifest.lock */,
				514835E11B52179E00776718 /* Sources */,
				514835E21B52179E00776718 /* Frameworks */,
				514835E31B52179E00776718 /* Resources */,
				FDD58898AC8590154232E7F4 /* Copy Pods Resources */,
			);
			buildRules = (
			);
			dependencies = (
			);
			name = GrillerCtrl;
			productName = KonashiTest;
			productReference = 514835E51B52179E00776718 /* GrillerCtrl.app */;
			productType = "com.apple.product-type.application";
		};
/* End PBXNativeTarget section */

/* Begin PBXProject section */
		514835DD1B52179E00776718 /* Project object */ = {
			isa = PBXProject;
			attributes = {
				LastSwiftUpdateCheck = 0700;
				LastUpgradeCheck = 0700;
				ORGANIZATIONNAME = pigmal;
				TargetAttributes = {
					514835E41B52179E00776718 = {
						CreatedOnToolsVersion = 7.0;
						DevelopmentTeam = BAZJ9J5XD8;
					};
				};
			};
			buildConfigurationList = 514835E01B52179E00776718 /* Build configuration list for PBXProject "GrillerCtrl" */;
			compatibilityVersion = "Xcode 3.2";
			developmentRegion = English;
			hasScannedForEncodings = 0;
			knownRegions = (
				en,
				Base,
			);
			mainGroup = 514835DC1B52179E00776718;
			productRefGroup = 514835E61B52179E00776718 /* Products */;
			projectDirPath = "";
			projectRoot = "";
			targets = (
				514835E41B52179E00776718 /* GrillerCtrl */,
			);
		};
/* End PBXProject section */

/* Begin PBXResourcesBuildPhase section */
		514835E31B52179E00776718 /* Resources */ = {
			isa = PBXResourcesBuildPhase;
			buildActionMask = 2147483647;
			files = (
				514835F61B52179E00776718 /* LaunchScreen.storyboard in Resources */,
				51BCE99A1B539B46004637E1 /* Bluetooth.storyboard in Resources */,
				514835F31B52179E00776718 /* Assets.xcassets in Resources */,
			);
			runOnlyForDeploymentPostprocessing = 0;
		};
/* End PBXResourcesBuildPhase section */

/* Begin PBXShellScriptBuildPhase section */
		26F80740A47738F4BB7EE5FB /* Check Pods Manifest.lock */ = {
			isa = PBXShellScriptBuildPhase;
			buildActionMask = 2147483647;
			files = (
			);
			inputPaths = (
			);
			name = "Check Pods Manifest.lock";
			outputPaths = (
			);
			runOnlyForDeploymentPostprocessing = 0;
			shellPath = /bin/sh;
			shellScript = "diff \"${PODS_ROOT}/../Podfile.lock\" \"${PODS_ROOT}/Manifest.lock\" > /dev/null\nif [[ $? != 0 ]] ; then\n    cat << EOM\nerror: The sandbox is not in sync with the Podfile.lock. Run 'pod install' or update your CocoaPods installation.\nEOM\n    exit 1\nfi\n";
			showEnvVarsInLog = 0;
		};
		FDD58898AC8590154232E7F4 /* Copy Pods Resources */ = {
			isa = PBXShellScriptBuildPhase;
			buildActionMask = 2147483647;
			files = (
			);
			inputPaths = (
			);
			name = "Copy Pods Resources";
			outputPaths = (
			);
			runOnlyForDeploymentPostprocessing = 0;
			shellPath = /bin/sh;
			shellScript = "\"${SRCROOT}/Pods/Target Support Files/Pods/Pods-resources.sh\"\n";
			showEnvVarsInLog = 0;
		};
/* End PBXShellScriptBuildPhase section */

/* Begin PBXSourcesBuildPhase section */
		514835E11B52179E00776718 /* Sources */ = {
			isa = PBXSourcesBuildPhase;
			buildActionMask = 2147483647;
			files = (
				51BCE9A61B53AE70004637E1 /* Bluetooth4ViewController.swift in Sources */,
				514835F11B52179E00776718 /* KonashiTest.xcdatamodeld in Sources */,
				51BCE9A41B53ADF9004637E1 /* Bluetooth3ViewController.swift in Sources */,
				51BCE9A01B53AD5E004637E1 /* Bluetooth1ViewController.swift in Sources */,
				514835E91B52179E00776718 /* AppDelegate.swift in Sources */,
				51BCE9A21B53ADB4004637E1 /* Bluetooth2ViewController.swift in Sources */,
				51BCE9971B53988F004637E1 /* PeripheralListTableViewController.swift in Sources */,
			);
			runOnlyForDeploymentPostprocessing = 0;
		};
/* End PBXSourcesBuildPhase section */

/* Begin PBXVariantGroup section */
		514835F41B52179E00776718 /* LaunchScreen.storyboard */ = {
			isa = PBXVariantGroup;
			children = (
				514835F51B52179E00776718 /* Base */,
			);
			name = LaunchScreen.storyboard;
			sourceTree = "<group>";
		};
		51BCE9981B539B46004637E1 /* Bluetooth.storyboard */ = {
			isa = PBXVariantGroup;
			children = (
				51BCE9991B539B46004637E1 /* Base */,
			);
			name = Bluetooth.storyboard;
			sourceTree = "<group>";
		};
/* End PBXVariantGroup section */

/* Begin XCBuildConfiguration section */
		514835F81B52179E00776718 /* Debug */ = {
			isa = XCBuildConfiguration;
			buildSettings = {
				ALWAYS_SEARCH_USER_PATHS = NO;
				CLANG_CXX_LANGUAGE_STANDARD = "gnu++0x";
				CLANG_CXX_LIBRARY = "libc++";
				CLANG_ENABLE_MODULES = YES;
				CLANG_ENABLE_OBJC_ARC = YES;
				CLANG_WARN_BOOL_CONVERSION = YES;
				CLANG_WARN_CONSTANT_CONVERSION = YES;
				CLANG_WARN_DIRECT_OBJC_ISA_USAGE = YES_ERROR;
				CLANG_WARN_EMPTY_BODY = YES;
				CLANG_WARN_ENUM_CONVERSION = YES;
				CLANG_WARN_INT_CONVERSION = YES;
				CLANG_WARN_OBJC_ROOT_CLASS = YES_ERROR;
				CLANG_WARN_UNREACHABLE_CODE = YES;
				CLANG_WARN__DUPLICATE_METHOD_MATCH = YES;
				"CODE_SIGN_IDENTITY[sdk=iphoneos*]" = "iPhone Developer";
				COPY_PHASE_STRIP = NO;
				DEBUG_INFORMATION_FORMAT = dwarf;
				ENABLE_STRICT_OBJC_MSGSEND = YES;
				ENABLE_TESTABILITY = YES;
				GCC_C_LANGUAGE_STANDARD = gnu99;
				GCC_DYNAMIC_NO_PIC = NO;
				GCC_NO_COMMON_BLOCKS = YES;
				GCC_OPTIMIZATION_LEVEL = 0;
				GCC_PREPROCESSOR_DEFINITIONS = (
					"DEBUG=1",
					"$(inherited)",
				);
				GCC_WARN_64_TO_32_BIT_CONVERSION = YES;
				GCC_WARN_ABOUT_RETURN_TYPE = YES_ERROR;
				GCC_WARN_UNDECLARED_SELECTOR = YES;
				GCC_WARN_UNINITIALIZED_AUTOS = YES_AGGRESSIVE;
				GCC_WARN_UNUSED_FUNCTION = YES;
				GCC_WARN_UNUSED_VARIABLE = YES;
				IPHONEOS_DEPLOYMENT_TARGET = 9.0;
				MTL_ENABLE_DEBUG_INFO = YES;
				ONLY_ACTIVE_ARCH = YES;
				SDKROOT = iphoneos;
				SWIFT_OPTIMIZATION_LEVEL = "-Onone";
			};
			name = Debug;
		};
		514835F91B52179E00776718 /* Release */ = {
			isa = XCBuildConfiguration;
			buildSettings = {
				ALWAYS_SEARCH_USER_PATHS = NO;
				CLANG_CXX_LANGUAGE_STANDARD = "gnu++0x";
				CLANG_CXX_LIBRARY = "libc++";
				CLANG_ENABLE_MODULES = YES;
				CLANG_ENABLE_OBJC_ARC = YES;
				CLANG_WARN_BOOL_CONVERSION = YES;
				CLANG_WARN_CONSTANT_CONVERSION = YES;
				CLANG_WARN_DIRECT_OBJC_ISA_USAGE = YES_ERROR;
				CLANG_WARN_EMPTY_BODY = YES;
				CLANG_WARN_ENUM_CONVERSION = YES;
				CLANG_WARN_INT_CONVERSION = YES;
				CLANG_WARN_OBJC_ROOT_CLASS = YES_ERROR;
				CLANG_WARN_UNREACHABLE_CODE = YES;
				CLANG_WARN__DUPLICATE_METHOD_MATCH = YES;
				"CODE_SIGN_IDENTITY[sdk=iphoneos*]" = "iPhone Developer";
				COPY_PHASE_STRIP = NO;
				DEBUG_INFORMATION_FORMAT = "dwarf-with-dsym";
				ENABLE_NS_ASSERTIONS = NO;
				ENABLE_STRICT_OBJC_MSGSEND = YES;
				GCC_C_LANGUAGE_STANDARD = gnu99;
				GCC_NO_COMMON_BLOCKS = YES;
				GCC_WARN_64_TO_32_BIT_CONVERSION = YES;
				GCC_WARN_ABOUT_RETURN_TYPE = YES_ERROR;
				GCC_WARN_UNDECLARED_SELECTOR = YES;
				GCC_WARN_UNINITIALIZED_AUTOS = YES_AGGRESSIVE;
				GCC_WARN_UNUSED_FUNCTION = YES;
				GCC_WARN_UNUSED_VARIABLE = YES;
				IPHONEOS_DEPLOYMENT_TARGET = 9.0;
				MTL_ENABLE_DEBUG_INFO = NO;
				SDKROOT = iphoneos;
				VALIDATE_PRODUCT = YES;
			};
			name = Release;
		};
		514835FB1B52179E00776718 /* Debug */ = {
			isa = XCBuildConfiguration;
			baseConfigurationReference = 838A893A867C7C74BAFCCA54 /* Pods.debug.xcconfig */;
			buildSettings = {
				ASSETCATALOG_COMPILER_APPICON_NAME = AppIcon;
				CLANG_ENABLE_MODULES = YES;
				CODE_SIGN_IDENTITY = "iPhone Developer";
				"CODE_SIGN_IDENTITY[sdk=iphoneos*]" = "iPhone Developer";
				INFOPLIST_FILE = KonashiTest/Info.plist;
				IPHONEOS_DEPLOYMENT_TARGET = 8.4;
				LD_RUNPATH_SEARCH_PATHS = "$(inherited) @executable_path/Frameworks";
				PRODUCT_BUNDLE_IDENTIFIER = com.pigmal.ios.GrillerCtrl;
				PRODUCT_NAME = GrillerCtrl;
				PROVISIONING_PROFILE = "";
				SWIFT_OBJC_BRIDGING_HEADER = "KonashiTest-Bridging-Header.h";
				SWIFT_OPTIMIZATION_LEVEL = "-Onone";
			};
			name = Debug;
		};
		514835FC1B52179E00776718 /* Release */ = {
			isa = XCBuildConfiguration;
			baseConfigurationReference = 7CC5AAB3C5590FD66930885E /* Pods.release.xcconfig */;
			buildSettings = {
				ASSETCATALOG_COMPILER_APPICON_NAME = AppIcon;
				CLANG_ENABLE_MODULES = YES;
				CODE_SIGN_IDENTITY = "iPhone Developer";
				"CODE_SIGN_IDENTITY[sdk=iphoneos*]" = "iPhone Developer";
				INFOPLIST_FILE = KonashiTest/Info.plist;
				IPHONEOS_DEPLOYMENT_TARGET = 8.4;
				LD_RUNPATH_SEARCH_PATHS = "$(inherited) @executable_path/Frameworks";
				PRODUCT_BUNDLE_IDENTIFIER = com.pigmal.ios.GrillerCtrl;
				PRODUCT_NAME = GrillerCtrl;
				PROVISIONING_PROFILE = "";
				SWIFT_OBJC_BRIDGING_HEADER = "KonashiTest-Bridging-Header.h";
			};
			name = Release;
		};
/* End XCBuildConfiguration section */

/* Begin XCConfigurationList section */
		514835E01B52179E00776718 /* Build configuration list for PBXProject "GrillerCtrl" */ = {
			isa = XCConfigurationList;
			buildConfigurations = (
				514835F81B52179E00776718 /* Debug */,
				514835F91B52179E00776718 /* Release */,
			);
			defaultConfigurationIsVisible = 0;
			defaultConfigurationName = Release;
		};
		514835FA1B52179E00776718 /* Build configuration list for PBXNativeTarget "GrillerCtrl" */ = {
			isa = XCConfigurationList;
			buildConfigurations = (
				514835FB1B52179E00776718 /* Debug */,
				514835FC1B52179E00776718 /* Release */,
			);
			defaultConfigurationIsVisible = 0;
			defaultConfigurationName = Release;
		};
/* End XCConfigurationList section */

/* Begin XCVersionGroup section */
		514835EF1B52179E00776718 /* KonashiTest.xcdatamodeld */ = {
			isa = XCVersionGroup;
			children = (
				514835F01B52179E00776718 /* KonashiTest.xcdatamodel */,
			);
			currentVersion = 514835F01B52179E00776718 /* KonashiTest.xcdatamodel */;
			path = KonashiTest.xcdatamodeld;
			sourceTree = "<group>";
			versionGroupType = wrapper.xcdatamodel;
		};
/* End XCVersionGroup section */
	};
	rootObject = 514835DD1B52179E00776718 /* Project object */;
}
